
Microsoft Visual Studio Solution File, Format Version 12.00
# Visual Studio Version 17
VisualStudioVersion = 17.10.35122.118
MinimumVisualStudioVersion = 10.0.40219.1
Project("{FAE04EC0-301F-11D3-BF4B-00C04F79EFBC}") = "numericMethodsProgram", "numericMethodsProgram\numericMethodsProgram.csproj", "{657CAF24-BFBE-402D-9DD4-11B89D7E06EB}"
EndProject
Global
	GlobalSection(SolutionConfigurationPlatforms) = preSolution
		Debug|Any CPU = Debug|Any CPU
		Release|Any CPU = Release|Any CPU
	EndGlobalSection
	GlobalSection(ProjectConfigurationPlatforms) = postSolution
		{657CAF24-BFBE-402D-9DD4-11B89D7E06EB}.Debug|Any CPU.ActiveCfg = Debug|Any CPU
		{657CAF24-BFBE-402D-9DD4-11B89D7E06EB}.Debug|Any CPU.Build.0 = Debug|Any CPU
		{657CAF24-BFBE-402D-9DD4-11B89D7E06EB}.Release|Any CPU.ActiveCfg = Release|Any CPU
		{657CAF24-BFBE-402D-9DD4-11B89D7E06EB}.Release|Any CPU.Build.0 = Release|Any CPU
	EndGlobalSection
	GlobalSection(SolutionProperties) = preSolution
		HideSolutionNode = FALSE
	EndGlobalSection
	GlobalSection(ExtensibilityGlobals) = postSolution
		SolutionGuid = {130210FC-53CE-497B-A9A5-67CD297C3CFC}
	EndGlobalSection
EndGlobal
